
Microsoft Visual Studio Solution File, Format Version 12.00
# Visual Studio Version 17
VisualStudioVersion = 17.7.34221.43
MinimumVisualStudioVersion = 10.0.40219.1
Project("{9A19103F-16F7-4668-BE54-9A1E7A4F7556}") = "testApis", "testApis\testApis.csproj", "{F2D9040B-BFA4-4E08-8D3A-3666A50C75C1}"
EndProject
Project("{9A19103F-16F7-4668-BE54-9A1E7A4F7556}") = "playlistAPIs", "playlistAPIs\playlistAPIs.csproj", "{94E8C4D8-FE36-44B9-9CDB-FD5509F2E2BF}"
EndProject
Project("{9A19103F-16F7-4668-BE54-9A1E7A4F7556}") = "DBconnect", "DBconnect\DBconnect.csproj", "{D29E6AC2-E70F-45B1-942E-F757A381DEF3}"
EndProject
Project("{FAE04EC0-301F-11D3-BF4B-00C04F79EFBC}") = "EFDBFrist", "EFDBFrist\EFDBFrist.csproj", "{D42C7D42-6886-4DFC-9A0F-8236C9E69699}"
EndProject
Global
	GlobalSection(SolutionConfigurationPlatforms) = preSolution
		Debug|Any CPU = Debug|Any CPU
		Release|Any CPU = Release|Any CPU
	EndGlobalSection
	GlobalSection(ProjectConfigurationPlatforms) = postSolution
		{F2D9040B-BFA4-4E08-8D3A-3666A50C75C1}.Debug|Any CPU.ActiveCfg = Debug|Any CPU
		{F2D9040B-BFA4-4E08-8D3A-3666A50C75C1}.Debug|Any CPU.Build.0 = Debug|Any CPU
		{F2D9040B-BFA4-4E08-8D3A-3666A50C75C1}.Release|Any CPU.ActiveCfg = Release|Any CPU
		{F2D9040B-BFA4-4E08-8D3A-3666A50C75C1}.Release|Any CPU.Build.0 = Release|Any CPU
		{94E8C4D8-FE36-44B9-9CDB-FD5509F2E2BF}.Debug|Any CPU.ActiveCfg = Debug|Any CPU
		{94E8C4D8-FE36-44B9-9CDB-FD5509F2E2BF}.Debug|Any CPU.Build.0 = Debug|Any CPU
		{94E8C4D8-FE36-44B9-9CDB-FD5509F2E2BF}.Release|Any CPU.ActiveCfg = Release|Any CPU
		{94E8C4D8-FE36-44B9-9CDB-FD5509F2E2BF}.Release|Any CPU.Build.0 = Release|Any CPU
		{D29E6AC2-E70F-45B1-942E-F757A381DEF3}.Debug|Any CPU.ActiveCfg = Debug|Any CPU
		{D29E6AC2-E70F-45B1-942E-F757A381DEF3}.Debug|Any CPU.Build.0 = Debug|Any CPU
		{D29E6AC2-E70F-45B1-942E-F757A381DEF3}.Release|Any CPU.ActiveCfg = Release|Any CPU
		{D29E6AC2-E70F-45B1-942E-F757A381DEF3}.Release|Any CPU.Build.0 = Release|Any CPU
		{D42C7D42-6886-4DFC-9A0F-8236C9E69699}.Debug|Any CPU.ActiveCfg = Debug|Any CPU
		{D42C7D42-6886-4DFC-9A0F-8236C9E69699}.Debug|Any CPU.Build.0 = Debug|Any CPU
		{D42C7D42-6886-4DFC-9A0F-8236C9E69699}.Release|Any CPU.ActiveCfg = Release|Any CPU
		{D42C7D42-6886-4DFC-9A0F-8236C9E69699}.Release|Any CPU.Build.0 = Release|Any CPU
	EndGlobalSection
	GlobalSection(SolutionProperties) = preSolution
		HideSolutionNode = FALSE
	EndGlobalSection
	GlobalSection(ExtensibilityGlobals) = postSolution
		SolutionGuid = {A03C1103-4E9B-4430-BBDA-587A1159AA80}
	EndGlobalSection
EndGlobal
